<?xml version="1.0" encoding="utf-8"?>
<Project ToolsVersion="4.0" xmlns="http://schemas.microsoft.com/developer/msbuild/2003">
  <ItemGroup>
    <Filter Include="Ships">
      <UniqueIdentifier>{67DA6AB6-F800-4c08-8B7A-83BB121AAD01}</UniqueIdentifier>
      <Extensions>rc;ico;cur;bmp;dlg;rc2;rct;bin;rgs;gif;jpg;jpeg;jpe;resx;tiff;tif;png;wav;mfcribbon-ms</Extensions>
    </Filter>
    <Filter Include="GameObject">
      <UniqueIdentifier>{4FC737F1-C7A5-4376-A066-2A32D752A2FF}</UniqueIdentifier>
      <Extensions>cpp;c;cc;cxx;def;odl;idl;hpj;bat;asm;asmx</Extensions>
    </Filter>
    <Filter Include="Structure">
      <UniqueIdentifier>{93995380-89BD-4b04-88EB-625FBE52EBFB}</UniqueIdentifier>
      <Extensions>h;hh;hpp;hxx;hm;inl;inc;xsd</Extensions>
    </Filter>
    <Filter Include="UI">
      <UniqueIdentifier>{a23a2bc5-97a9-4406-827b-e387b885d91e}</UniqueIdentifier>
    </Filter>
  </ItemGroup>
  <ItemGroup>
    <Text Include="ReadMe.txt" />
  </ItemGroup>
  <ItemGroup>
    <ClInclude Include="stdafx.h">
      <Filter>Structure</Filter>
    </ClInclude>
    <ClInclude Include="targetver.h">
      <Filter>Structure</Filter>
    </ClInclude>
    <ClInclude Include="enum.h">
      <Filter>Structure</Filter>
    </ClInclude>
    <ClInclude Include="structure.h">
      <Filter>Structure</Filter>
    </ClInclude>
    <ClInclude Include="Aircraft.h">
      <Filter>Ships</Filter>
    </ClInclude>
    <ClInclude Include="Battleship.h">
      <Filter>Ships</Filter>
    </ClInclude>
    <ClInclude Include="Cruiser.h">
      <Filter>Ships</Filter>
    </ClInclude>
    <ClInclude Include="Destroyer.h">
      <Filter>Ships</Filter>
    </ClInclude>
    <ClInclude Include="Ships.h">
      <Filter>Ships</Filter>
    </ClInclude>
    <ClInclude Include="Board.h">
      <Filter>GameObject</Filter>
    </ClInclude>
    <ClInclude Include="GameManager.h">
      <Filter>GameObject</Filter>
    </ClInclude>
    <ClInclude Include="Player.h">
      <Filter>GameObject</Filter>
    </ClInclude>
    <ClInclude Include="GameBoardUI.h">
      <Filter>UI</Filter>
    </ClInclude>
    <ClInclude Include="Define.h">
      <Filter>Structure</Filter>
    </ClInclude>
    <ClInclude Include="UI.h">
      <Filter>UI</Filter>
    </ClInclude>
    <ClInclude Include="GameMenuUI.h">
      <Filter>UI</Filter>
    </ClInclude>
    <ClInclude Include="GameMessageUI.h">
      <Filter>UI</Filter>
    </ClInclude>
  </ItemGroup>
  <ItemGroup>
    <ClCompile Include="main.cpp">
      <Filter>GameObject</Filter>
    </ClCompile>
    <ClCompile Include="GameManager.cpp">
      <Filter>GameObject</Filter>
    </ClCompile>
    <ClCompile Include="Player.cpp">
      <Filter>GameObject</Filter>
    </ClCompile>
    <ClCompile Include="Board.cpp">
      <Filter>GameObject</Filter>
    </ClCompile>
    <ClCompile Include="Aircraft.cpp">
      <Filter>Ships</Filter>
    </ClCompile>
    <ClCompile Include="Battleship.cpp">
      <Filter>Ships</Filter>
    </ClCompile>
    <ClCompile Include="Cruiser.cpp">
      <Filter>Ships</Filter>
    </ClCompile>
    <ClCompile Include="Destroyer.cpp">
      <Filter>Ships</Filter>
    </ClCompile>
    <ClCompile Include="Ships.cpp">
      <Filter>Ships</Filter>
    </ClCompile>
    <ClCompile Include="stdafx.cpp">
      <Filter>Structure</Filter>
    </ClCompile>
    <ClCompile Include="GameBoardUI.cpp">
      <Filter>UI</Filter>
    </ClCompile>
    <ClCompile Include="UI.cpp">
      <Filter>UI</Filter>
    </ClCompile>
    <ClCompile Include="GameMenuUI.cpp">
      <Filter>UI</Filter>
    </ClCompile>
    <ClCompile Include="GameMessageUI.cpp">
      <Filter>UI</Filter>
    </ClCompile>
  </ItemGroup>
</Project>